
Microsoft Visual Studio Solution File, Format Version 12.00
# Visual Studio Version 17
VisualStudioVersion = 17.4.33205.214
MinimumVisualStudioVersion = 10.0.40219.1
Project("{FAE04EC0-301F-11D3-BF4B-00C04F79EFBC}") = "Unowhy Tools Wifi", "Unowhy Tools Wifi\Unowhy Tools Wifi.csproj", "{561D9462-9B29-4951-9072-742E6B15D432}"
EndProject
Global
	GlobalSection(SolutionConfigurationPlatforms) = preSolution
		Debug|Any CPU = Debug|Any CPU
		Release|Any CPU = Release|Any CPU
	EndGlobalSection
	GlobalSection(ProjectConfigurationPlatforms) = postSolution
		{561D9462-9B29-4951-9072-742E6B15D432}.Debug|Any CPU.ActiveCfg = Debug|Any CPU
		{561D9462-9B29-4951-9072-742E6B15D432}.Debug|Any CPU.Build.0 = Debug|Any CPU
		{561D9462-9B29-4951-9072-742E6B15D432}.Release|Any CPU.ActiveCfg = Release|Any CPU
		{561D9462-9B29-4951-9072-742E6B15D432}.Release|Any CPU.Build.0 = Release|Any CPU
	EndGlobalSection
	GlobalSection(SolutionProperties) = preSolution
		HideSolutionNode = FALSE
	EndGlobalSection
	GlobalSection(ExtensibilityGlobals) = postSolution
		SolutionGuid = {8AF9B394-4BD2-4CEA-921B-3A0397BDF5B8}
	EndGlobalSection
EndGlobal
